{
  "name": "wechat",
  "version": "1.0.0",
  "lockfileVersion": 3,
  "requires": true,
  "packages": {
    "": {
      "name": "wechat",
      "version": "1.0.0",
      "license": "ISC",
      "dependencies": {
        "@vant/weapp": "^1.11.7",
        "pubsub-js": "^1.9.5"
      }
    },
    "node_modules/@vant/weapp": {
      "version": "1.11.7",
      "resolved": "https://registry.npmmirror.com/@vant/weapp/-/weapp-1.11.7.tgz",
      "integrity": "sha512-Rwn9BBnb4kHSV4XmvBicwtd42J+amEUfnFDcXJsGNPNX4a9c/DoT6YLsm4X1wB2+sQbdiQsbFBLAvGRBxCkD8g==",
      "license": "MIT"
    },
    "node_modules/pubsub-js": {
      "version": "1.9.5",
      "resolved": "https://registry.npmmirror.com/pubsub-js/-/pubsub-js-1.9.5.tgz",
      "integrity": "sha512-5MZ0I9i5JWVO7SizvOviKvZU2qaBbl2KQX150FAA+fJBwYpwOUId7aNygURWSdPzlsA/xZ/InUKXqBbzM0czTA==",
      "license": "MIT"
    }
  }
}
