
Microsoft Visual Studio Solution File, Format Version 12.00
# Visual Studio Version 17
VisualStudioVersion = 17.13.35825.156
MinimumVisualStudioVersion = 10.0.40219.1
Project("{2150E333-8FDC-42A3-9474-1A3956D46DE8}") = "02-Domain", "02-Domain", "{02EA681E-C7D8-13C7-8484-4AC65E1B71E8}"
EndProject
Project("{2150E333-8FDC-42A3-9474-1A3956D46DE8}") = "01-Common", "01-Common", "{4D0DDF8A-AD9F-4EE8-83CC-65D024198C8E}"
EndProject
Project("{2150E333-8FDC-42A3-9474-1A3956D46DE8}") = "03-Application", "03-Application", "{A08FCD5C-4F3A-477A-8945-BA749592A1CA}"
EndProject
Project("{2150E333-8FDC-42A3-9474-1A3956D46DE8}") = "04-UI", "04-UI", "{602ACD0B-0FE8-4BC4-B17D-DE0A45381142}"
EndProject
Project("{FAE04EC0-301F-11D3-BF4B-00C04F79EFBC}") = "PrettyLove.Core", "PrettyLove.Core\PrettyLove.Core.csproj", "{C666BCC6-AE8D-D07C-119B-4EEDADE8F28F}"
EndProject
Project("{FAE04EC0-301F-11D3-BF4B-00C04F79EFBC}") = "PrettyLove.Domain", "PrettyLove.Domain\PrettyLove.Domain.csproj", "{E2C9ADF2-3AB9-CB56-AA42-1C0F10C2B0CA}"
EndProject
Project("{FAE04EC0-301F-11D3-BF4B-00C04F79EFBC}") = "PrettyLove.Domain.Persistence", "PrettyLove.Domain.Persistence\PrettyLove.Domain.Persistence.csproj", "{15F4E6D5-8B49-A28E-F644-A7DDC088C0CC}"
EndProject
Project("{FAE04EC0-301F-11D3-BF4B-00C04F79EFBC}") = "PrettyLove.Domain.Shared", "PrettyLove.Domain.Shared\PrettyLove.Domain.Shared.csproj", "{31D356EF-EBE2-05A9-D16E-384941672C23}"
EndProject
Project("{FAE04EC0-301F-11D3-BF4B-00C04F79EFBC}") = "PrettyLove.Application", "PrettyLove.Application\PrettyLove.Application.csproj", "{8096C722-7CDC-85AA-CEDB-ED7BBC97D12D}"
EndProject
Project("{FAE04EC0-301F-11D3-BF4B-00C04F79EFBC}") = "PrettyLove.Application.Contract", "PrettyLove.Application.Contract\PrettyLove.Application.Contract.csproj", "{F41F73FB-8E91-33D7-578E-2F1465931DAA}"
EndProject
Project("{FAE04EC0-301F-11D3-BF4B-00C04F79EFBC}") = "PrettyLove.Web.Front", "PrettyLove.Web.Front\PrettyLove.Web.Front.csproj", "{7F07AACF-5053-D98B-AAF6-9B5F16E3DF80}"
EndProject
Global
	GlobalSection(SolutionConfigurationPlatforms) = preSolution
		Debug|Any CPU = Debug|Any CPU
		Release|Any CPU = Release|Any CPU
	EndGlobalSection
	GlobalSection(ProjectConfigurationPlatforms) = postSolution
		{C666BCC6-AE8D-D07C-119B-4EEDADE8F28F}.Debug|Any CPU.ActiveCfg = Debug|Any CPU
		{C666BCC6-AE8D-D07C-119B-4EEDADE8F28F}.Debug|Any CPU.Build.0 = Debug|Any CPU
		{C666BCC6-AE8D-D07C-119B-4EEDADE8F28F}.Release|Any CPU.ActiveCfg = Release|Any CPU
		{C666BCC6-AE8D-D07C-119B-4EEDADE8F28F}.Release|Any CPU.Build.0 = Release|Any CPU
		{E2C9ADF2-3AB9-CB56-AA42-1C0F10C2B0CA}.Debug|Any CPU.ActiveCfg = Debug|Any CPU
		{E2C9ADF2-3AB9-CB56-AA42-1C0F10C2B0CA}.Debug|Any CPU.Build.0 = Debug|Any CPU
		{E2C9ADF2-3AB9-CB56-AA42-1C0F10C2B0CA}.Release|Any CPU.ActiveCfg = Release|Any CPU
		{E2C9ADF2-3AB9-CB56-AA42-1C0F10C2B0CA}.Release|Any CPU.Build.0 = Release|Any CPU
		{15F4E6D5-8B49-A28E-F644-A7DDC088C0CC}.Debug|Any CPU.ActiveCfg = Debug|Any CPU
		{15F4E6D5-8B49-A28E-F644-A7DDC088C0CC}.Debug|Any CPU.Build.0 = Debug|Any CPU
		{15F4E6D5-8B49-A28E-F644-A7DDC088C0CC}.Release|Any CPU.ActiveCfg = Release|Any CPU
		{15F4E6D5-8B49-A28E-F644-A7DDC088C0CC}.Release|Any CPU.Build.0 = Release|Any CPU
		{31D356EF-EBE2-05A9-D16E-384941672C23}.Debug|Any CPU.ActiveCfg = Debug|Any CPU
		{31D356EF-EBE2-05A9-D16E-384941672C23}.Debug|Any CPU.Build.0 = Debug|Any CPU
		{31D356EF-EBE2-05A9-D16E-384941672C23}.Release|Any CPU.ActiveCfg = Release|Any CPU
		{31D356EF-EBE2-05A9-D16E-384941672C23}.Release|Any CPU.Build.0 = Release|Any CPU
		{8096C722-7CDC-85AA-CEDB-ED7BBC97D12D}.Debug|Any CPU.ActiveCfg = Debug|Any CPU
		{8096C722-7CDC-85AA-CEDB-ED7BBC97D12D}.Debug|Any CPU.Build.0 = Debug|Any CPU
		{8096C722-7CDC-85AA-CEDB-ED7BBC97D12D}.Release|Any CPU.ActiveCfg = Release|Any CPU
		{8096C722-7CDC-85AA-CEDB-ED7BBC97D12D}.Release|Any CPU.Build.0 = Release|Any CPU
		{F41F73FB-8E91-33D7-578E-2F1465931DAA}.Debug|Any CPU.ActiveCfg = Debug|Any CPU
		{F41F73FB-8E91-33D7-578E-2F1465931DAA}.Debug|Any CPU.Build.0 = Debug|Any CPU
		{F41F73FB-8E91-33D7-578E-2F1465931DAA}.Release|Any CPU.ActiveCfg = Release|Any CPU
		{F41F73FB-8E91-33D7-578E-2F1465931DAA}.Release|Any CPU.Build.0 = Release|Any CPU
		{7F07AACF-5053-D98B-AAF6-9B5F16E3DF80}.Debug|Any CPU.ActiveCfg = Debug|Any CPU
		{7F07AACF-5053-D98B-AAF6-9B5F16E3DF80}.Debug|Any CPU.Build.0 = Debug|Any CPU
		{7F07AACF-5053-D98B-AAF6-9B5F16E3DF80}.Release|Any CPU.ActiveCfg = Release|Any CPU
		{7F07AACF-5053-D98B-AAF6-9B5F16E3DF80}.Release|Any CPU.Build.0 = Release|Any CPU
	EndGlobalSection
	GlobalSection(SolutionProperties) = preSolution
		HideSolutionNode = FALSE
	EndGlobalSection
	GlobalSection(NestedProjects) = preSolution
		{C666BCC6-AE8D-D07C-119B-4EEDADE8F28F} = {4D0DDF8A-AD9F-4EE8-83CC-65D024198C8E}
		{E2C9ADF2-3AB9-CB56-AA42-1C0F10C2B0CA} = {02EA681E-C7D8-13C7-8484-4AC65E1B71E8}
		{15F4E6D5-8B49-A28E-F644-A7DDC088C0CC} = {02EA681E-C7D8-13C7-8484-4AC65E1B71E8}
		{31D356EF-EBE2-05A9-D16E-384941672C23} = {02EA681E-C7D8-13C7-8484-4AC65E1B71E8}
		{8096C722-7CDC-85AA-CEDB-ED7BBC97D12D} = {A08FCD5C-4F3A-477A-8945-BA749592A1CA}
		{F41F73FB-8E91-33D7-578E-2F1465931DAA} = {A08FCD5C-4F3A-477A-8945-BA749592A1CA}
		{7F07AACF-5053-D98B-AAF6-9B5F16E3DF80} = {602ACD0B-0FE8-4BC4-B17D-DE0A45381142}
	EndGlobalSection
	GlobalSection(ExtensibilityGlobals) = postSolution
		SolutionGuid = {3F3548AA-33BB-494A-9AC6-48BEB7AB9EE6}
	EndGlobalSection
EndGlobal
